// !$*UTF8*$!
{
	archiveVersion = 1;
	classes = {
	};
	objectVersion = 50;
	objects = {

/* Begin PBXBuildFile section */
		5BB5C407236C617000CDA834 /* AppDelegate.m in Sources */ = {isa = PBXBuildFile; fileRef = 5BB5C406236C617000CDA834 /* AppDelegate.m */; };
		5BB5C40A236C617000CDA834 /* ViewController.m in Sources */ = {isa = PBXBuildFile; fileRef = 5BB5C409236C617000CDA834 /* ViewController.m */; };
		5BB5C40D236C617000CDA834 /* Main.storyboard in Resources */ = {isa = PBXBuildFile; fileRef = 5BB5C40B236C617000CDA834 /* Main.storyboard */; };
		5BB5C40F236C617100CDA834 /* Assets.xcassets in Resources */ = {isa = PBXBuildFile; fileRef = 5BB5C40E236C617100CDA834 /* Assets.xcassets */; };
		5BB5C412236C617100CDA834 /* LaunchScreen.storyboard in Resources */ = {isa = PBXBuildFile; fileRef = 5BB5C410236C617100CDA834 /* LaunchScreen.storyboard */; };
		5BB5C415236C617100CDA834 /* main.m in Sources */ = {isa = PBXBuildFile; fileRef = 5BB5C414236C617100CDA834 /* main.m */; };
		5BB5C423236C6A9400CDA834 /* Initializer.m in Sources */ = {isa = PBXBuildFile; fileRef = 5BB5C422236C6A9400CDA834 /* Initializer.m */; };
/* End PBXBuildFile section */

/* Begin PBXFileReference section */
		5BB5C402236C617000CDA834 /* aboutInitializers.app */ = {isa = PBXFileReference; explicitFileType = wrapper.application; includeInIndex = 0; path = aboutInitializers.app; sourceTree = BUILT_PRODUCTS_DIR; };
		5BB5C405236C617000CDA834 /* AppDelegate.h */ = {isa = PBXFileReference; lastKnownFileType = sourcecode.c.h; path = AppDelegate.h; sourceTree = "<group>"; };
		5BB5C406236C617000CDA834 /* AppDelegate.m */ = {isa = PBXFileReference; lastKnownFileType = sourcecode.c.objc; path = AppDelegate.m; sourceTree = "<group>"; };
		5BB5C408236C617000CDA834 /* ViewController.h */ = {isa = PBXFileReference; lastKnownFileType = sourcecode.c.h; path = ViewController.h; sourceTree = "<group>"; };
		5BB5C409236C617000CDA834 /* ViewController.m */ = {isa = PBXFileReference; lastKnownFileType = sourcecode.c.objc; path = ViewController.m; sourceTree = "<group>"; };
		5BB5C40C236C617000CDA834 /* Base */ = {isa = PBXFileReference; lastKnownFileType = file.storyboard; name = Base; path = Base.lproj/Main.storyboard; sourceTree = "<group>"; };
		5BB5C40E236C617100CDA834 /* Assets.xcassets */ = {isa = PBXFileReference; lastKnownFileType = folder.assetcatalog; path = Assets.xcassets; sourceTree = "<group>"; };
		5BB5C411236C617100CDA834 /* Base */ = {isa = PBXFileReference; lastKnownFileType = file.storyboard; name = Base; path = Base.lproj/LaunchScreen.storyboard; sourceTree = "<group>"; };
		5BB5C413236C617100CDA834 /* Info.plist */ = {isa = PBXFileReference; lastKnownFileType = text.plist.xml; path = Info.plist; sourceTree = "<group>"; };
		5BB5C414236C617100CDA834 /* main.m */ = {isa = PBXFileReference; lastKnownFileType = sourcecode.c.objc; path = main.m; sourceTree = "<group>"; };
		5BB5C421236C6A9400CDA834 /* Initializer.h */ = {isa = PBXFileReference; lastKnownFileType = sourcecode.c.h; path = Initializer.h; sourceTree = "<group>"; };
		5BB5C422236C6A9400CDA834 /* Initializer.m */ = {isa = PBXFileReference; lastKnownFileType = sourcecode.c.objc; path = Initializer.m; sourceTree = "<group>"; };
/* End PBXFileReference section */

/* Begin PBXFrameworksBuildPhase section */
		5BB5C3FF236C617000CDA834 /* Frameworks */ = {
			isa = PBXFrameworksBuildPhase;
			buildActionMask = 2147483647;
			files = (
			);
			runOnlyForDeploymentPostprocessing = 0;
		};
/* End PBXFrameworksBuildPhase section */

/* Begin PBXGroup section */
		5BB5C3F9236C617000CDA834 = {
			isa = PBXGroup;
			children = (
				5BB5C404236C617000CDA834 /* aboutInitializers */,
				5BB5C403236C617000CDA834 /* Products */,
			);
			sourceTree = "<group>";
		};
		5BB5C403236C617000CDA834 /* Products */ = {
			isa = PBXGroup;
			children = (
				5BB5C402236C617000CDA834 /* aboutInitializers.app */,
			);
			name = Products;
			sourceTree = "<group>";
		};
		5BB5C404236C617000CDA834 /* aboutInitializers */ = {
			isa = PBXGroup;
			children = (
				5BB5C421236C6A9400CDA834 /* Initializer.h */,
				5BB5C422236C6A9400CDA834 /* Initializer.m */,
				5BB5C405236C617000CDA834 /* AppDelegate.h */,
				5BB5C406236C617000CDA834 /* AppDelegate.m */,
				5BB5C408236C617000CDA834 /* ViewController.h */,
				5BB5C409236C617000CDA834 /* ViewController.m */,
				5BB5C40B236C617000CDA834 /* Main.storyboard */,
				5BB5C40E236C617100CDA834 /* Assets.xcassets */,
				5BB5C410236C617100CDA834 /* LaunchScreen.storyboard */,
				5BB5C413236C617100CDA834 /* Info.plist */,
				5BB5C414236C617100CDA834 /* main.m */,
			);
			path = aboutInitializers;
			sourceTree = "<group>";
		};
/* End PBXGroup section */

/* Begin PBXNativeTarget section */
		5BB5C401236C617000CDA834 /* aboutInitializers */ = {
			isa = PBXNativeTarget;
			buildConfigurationList = 5BB5C418236C617100CDA834 /* Build configuration list for PBXNativeTarget "aboutInitializers" */;
			buildPhases = (
				5BB5C3FE236C617000CDA834 /* Sources */,
				5BB5C3FF236C617000CDA834 /* Frameworks */,
				5BB5C400236C617000CDA834 /* Resources */,
			);
			buildRules = (
			);
			dependencies = (
			);
			name = aboutInitializers;
			productName = aboutInitializers;
			productReference = 5BB5C402236C617000CDA834 /* aboutInitializers.app */;
			productType = "com.apple.product-type.application";
		};
/* End PBXNativeTarget section */

/* Begin PBXProject section */
		5BB5C3FA236C617000CDA834 /* Project object */ = {
			isa = PBXProject;
			attributes = {
				LastUpgradeCheck = 1020;
				ORGANIZATIONNAME = OPSolutions;
				TargetAttributes = {
					5BB5C401236C617000CDA834 = {
						CreatedOnToolsVersion = 10.2;
					};
				};
			};
			buildConfigurationList = 5BB5C3FD236C617000CDA834 /* Build configuration list for PBXProject "aboutInitializers" */;
			compatibilityVersion = "Xcode 9.3";
			developmentRegion = en;
			hasScannedForEncodings = 0;
			knownRegions = (
				en,
				Base,
			);
			mainGroup = 5BB5C3F9236C617000CDA834;
			productRefGroup = 5BB5C403236C617000CDA834 /* Products */;
			projectDirPath = "";
			projectRoot = "";
			targets = (
				5BB5C401236C617000CDA834 /* aboutInitializers */,
			);
		};
/* End PBXProject section */

/* Begin PBXResourcesBuildPhase section */
		5BB5C400236C617000CDA834 /* Resources */ = {
			isa = PBXResourcesBuildPhase;
			buildActionMask = 2147483647;
			files = (
				5BB5C412236C617100CDA834 /* LaunchScreen.storyboard in Resources */,
				5BB5C40F236C617100CDA834 /* Assets.xcassets in Resources */,
				5BB5C40D236C617000CDA834 /* Main.storyboard in Resources */,
			);
			runOnlyForDeploymentPostprocessing = 0;
		};
/* End PBXResourcesBuildPhase section */

/* Begin PBXSourcesBuildPhase section */
		5BB5C3FE236C617000CDA834 /* Sources */ = {
			isa = PBXSourcesBuildPhase;
			buildActionMask = 2147483647;
			files = (
				5BB5C423236C6A9400CDA834 /* Initializer.m in Sources */,
				5BB5C40A236C617000CDA834 /* ViewController.m in Sources */,
				5BB5C415236C617100CDA834 /* main.m in Sources */,
				5BB5C407236C617000CDA834 /* AppDelegate.m in Sources */,
			);
			runOnlyForDeploymentPostprocessing = 0;
		};
/* End PBXSourcesBuildPhase section */

/* Begin PBXVariantGroup section */
		5BB5C40B236C617000CDA834 /* Main.storyboard */ = {
			isa = PBXVariantGroup;
			children = (
				5BB5C40C236C617000CDA834 /* Base */,
			);
			name = Main.storyboard;
			sourceTree = "<group>";
		};
		5BB5C410236C617100CDA834 /* LaunchScreen.storyboard */ = {
			isa = PBXVariantGroup;
			children = (
				5BB5C411236C617100CDA834 /* Base */,
			);
			name = LaunchScreen.storyboard;
			sourceTree = "<group>";
		};
/* End PBXVariantGroup section */

/* Begin XCBuildConfiguration section */
		5BB5C416236C617100CDA834 /* Debug */ = {
			isa = XCBuildConfiguration;
			buildSettings = {
				ALWAYS_SEARCH_USER_PATHS = NO;
				CLANG_ANALYZER_NONNULL = YES;
				CLANG_ANALYZER_NUMBER_OBJECT_CONVERSION = YES_AGGRESSIVE;
				CLANG_CXX_LANGUAGE_STANDARD = "gnu++14";
				CLANG_CXX_LIBRARY = "libc++";
				CLANG_ENABLE_MODULES = YES;
				CLANG_ENABLE_OBJC_ARC = YES;
				CLANG_ENABLE_OBJC_WEAK = YES;
				CLANG_WARN_BLOCK_CAPTURE_AUTORELEASING = YES;
				CLANG_WARN_BOOL_CONVERSION = YES;
				CLANG_WARN_COMMA = YES;
				CLANG_WARN_CONSTANT_CONVERSION = YES;
				CLANG_WARN_DEPRECATED_OBJC_IMPLEMENTATIONS = YES;
				CLANG_WARN_DIRECT_OBJC_ISA_USAGE = YES_ERROR;
				CLANG_WARN_DOCUMENTATION_COMMENTS = YES;
				CLANG_WARN_EMPTY_BODY = YES;
				CLANG_WARN_ENUM_CONVERSION = YES;
				CLANG_WARN_INFINITE_RECURSION = YES;
				CLANG_WARN_INT_CONVERSION = YES;
				CLANG_WARN_NON_LITERAL_NULL_CONVERSION = YES;
				CLANG_WARN_OBJC_IMPLICIT_RETAIN_SELF = YES;
				CLANG_WARN_OBJC_LITERAL_CONVERSION = YES;
				CLANG_WARN_OBJC_ROOT_CLASS = YES_ERROR;
				CLANG_WARN_RANGE_LOOP_ANALYSIS = YES;
				CLANG_WARN_STRICT_PROTOTYPES = YES;
				CLANG_WARN_SUSPICIOUS_MOVE = YES;
				CLANG_WARN_UNGUARDED_AVAILABILITY = YES_AGGRESSIVE;
				CLANG_WARN_UNREACHABLE_CODE = YES;
				CLANG_WARN__DUPLICATE_METHOD_MATCH = YES;
				CODE_SIGN_IDENTITY = "iPhone Developer";
				COPY_PHASE_STRIP = NO;
				DEBUG_INFORMATION_FORMAT = dwarf;
				ENABLE_STRICT_OBJC_MSGSEND = YES;
				ENABLE_TESTABILITY = YES;
				GCC_C_LANGUAGE_STANDARD = gnu11;
				GCC_DYNAMIC_NO_PIC = NO;
				GCC_NO_COMMON_BLOCKS = YES;
				GCC_OPTIMIZATION_LEVEL = 0;
				GCC_PREPROCESSOR_DEFINITIONS = (
					"DEBUG=1",
					"$(inherited)",
				);
				GCC_WARN_64_TO_32_BIT_CONVERSION = YES;
				GCC_WARN_ABOUT_RETURN_TYPE = YES_ERROR;
				GCC_WARN_UNDECLARED_SELECTOR = YES;
				GCC_WARN_UNINITIALIZED_AUTOS = YES_AGGRESSIVE;
				GCC_WARN_UNUSED_FUNCTION = YES;
				GCC_WARN_UNUSED_VARIABLE = YES;
				IPHONEOS_DEPLOYMENT_TARGET = 12.2;
				MTL_ENABLE_DEBUG_INFO = INCLUDE_SOURCE;
				MTL_FAST_MATH = YES;
				ONLY_ACTIVE_ARCH = YES;
				SDKROOT = iphoneos;
			};
			name = Debug;
		};
		5BB5C417236C617100CDA834 /* Release */ = {
			isa = XCBuildConfiguration;
			buildSettings = {
				ALWAYS_SEARCH_USER_PATHS = NO;
				CLANG_ANALYZER_NONNULL = YES;
				CLANG_ANALYZER_NUMBER_OBJECT_CONVERSION = YES_AGGRESSIVE;
				CLANG_CXX_LANGUAGE_STANDARD = "gnu++14";
				CLANG_CXX_LIBRARY = "libc++";
				CLANG_ENABLE_MODULES = YES;
				CLANG_ENABLE_OBJC_ARC = YES;
				CLANG_ENABLE_OBJC_WEAK = YES;
				CLANG_WARN_BLOCK_CAPTURE_AUTORELEASING = YES;
				CLANG_WARN_BOOL_CONVERSION = YES;
				CLANG_WARN_COMMA = YES;
				CLANG_WARN_CONSTANT_CONVERSION = YES;
				CLANG_WARN_DEPRECATED_OBJC_IMPLEMENTATIONS = YES;
				CLANG_WARN_DIRECT_OBJC_ISA_USAGE = YES_ERROR;
				CLANG_WARN_DOCUMENTATION_COMMENTS = YES;
				CLANG_WARN_EMPTY_BODY = YES;
				CLANG_WARN_ENUM_CONVERSION = YES;
				CLANG_WARN_INFINITE_RECURSION = YES;
				CLANG_WARN_INT_CONVERSION = YES;
				CLANG_WARN_NON_LITERAL_NULL_CONVERSION = YES;
				CLANG_WARN_OBJC_IMPLICIT_RETAIN_SELF = YES;
				CLANG_WARN_OBJC_LITERAL_CONVERSION = YES;
				CLANG_WARN_OBJC_ROOT_CLASS = YES_ERROR;
				CLANG_WARN_RANGE_LOOP_ANALYSIS = YES;
				CLANG_WARN_STRICT_PROTOTYPES = YES;
				CLANG_WARN_SUSPICIOUS_MOVE = YES;
				CLANG_WARN_UNGUARDED_AVAILABILITY = YES_AGGRESSIVE;
				CLANG_WARN_UNREACHABLE_CODE = YES;
				CLANG_WARN__DUPLICATE_METHOD_MATCH = YES;
				CODE_SIGN_IDENTITY = "iPhone Developer";
				COPY_PHASE_STRIP = NO;
				DEBUG_INFORMATION_FORMAT = "dwarf-with-dsym";
				ENABLE_NS_ASSERTIONS = NO;
				ENABLE_STRICT_OBJC_MSGSEND = YES;
				GCC_C_LANGUAGE_STANDARD = gnu11;
				GCC_NO_COMMON_BLOCKS = YES;
				GCC_WARN_64_TO_32_BIT_CONVERSION = YES;
				GCC_WARN_ABOUT_RETURN_TYPE = YES_ERROR;
				GCC_WARN_UNDECLARED_SELECTOR = YES;
				GCC_WARN_UNINITIALIZED_AUTOS = YES_AGGRESSIVE;
				GCC_WARN_UNUSED_FUNCTION = YES;
				GCC_WARN_UNUSED_VARIABLE = YES;
				IPHONEOS_DEPLOYMENT_TARGET = 12.2;
				MTL_ENABLE_DEBUG_INFO = NO;
				MTL_FAST_MATH = YES;
				SDKROOT = iphoneos;
				VALIDATE_PRODUCT = YES;
			};
			name = Release;
		};
		5BB5C419236C617100CDA834 /* Debug */ = {
			isa = XCBuildConfiguration;
			buildSettings = {
				ASSETCATALOG_COMPILER_APPICON_NAME = AppIcon;
				CODE_SIGN_STYLE = Automatic;
				INFOPLIST_FILE = aboutInitializers/Info.plist;
				LD_RUNPATH_SEARCH_PATHS = (
					"$(inherited)",
					"@executable_path/Frameworks",
				);
				PRODUCT_BUNDLE_IDENTIFIER = com.jeyo.aboutInitializers;
				PRODUCT_NAME = "$(TARGET_NAME)";
				TARGETED_DEVICE_FAMILY = "1,2";
			};
			name = Debug;
		};
		5BB5C41A236C617100CDA834 /* Release */ = {
			isa = XCBuildConfiguration;
			buildSettings = {
				ASSETCATALOG_COMPILER_APPICON_NAME = AppIcon;
				CODE_SIGN_STYLE = Automatic;
				INFOPLIST_FILE = aboutInitializers/Info.plist;
				LD_RUNPATH_SEARCH_PATHS = (
					"$(inherited)",
					"@executable_path/Frameworks",
				);
				PRODUCT_BUNDLE_IDENTIFIER = com.jeyo.aboutInitializers;
				PRODUCT_NAME = "$(TARGET_NAME)";
				TARGETED_DEVICE_FAMILY = "1,2";
			};
			name = Release;
		};
/* End XCBuildConfiguration section */

/* Begin XCConfigurationList section */
		5BB5C3FD236C617000CDA834 /* Build configuration list for PBXProject "aboutInitializers" */ = {
			isa = XCConfigurationList;
			buildConfigurations = (
				5BB5C416236C617100CDA834 /* Debug */,
				5BB5C417236C617100CDA834 /* Release */,
			);
			defaultConfigurationIsVisible = 0;
			defaultConfigurationName = Release;
		};
		5BB5C418236C617100CDA834 /* Build configuration list for PBXNativeTarget "aboutInitializers" */ = {
			isa = XCConfigurationList;
			buildConfigurations = (
				5BB5C419236C617100CDA834 /* Debug */,
				5BB5C41A236C617100CDA834 /* Release */,
			);
			defaultConfigurationIsVisible = 0;
			defaultConfigurationName = Release;
		};
/* End XCConfigurationList section */
	};
	rootObject = 5BB5C3FA236C617000CDA834 /* Project object */;
}
